// !$*UTF8*$!
{
	archiveVersion = 1;
	classes = {
	};
	objectVersion = 50;
	objects = {

/* Begin PBXBuildFile section */
		7C9ACD65257CDFA100CF47FE /* AppDelegate.swift in Sources */ = {isa = PBXBuildFile; fileRef = 7C9ACD64257CDFA100CF47FE /* AppDelegate.swift */; };
		7C9ACD67257CDFA100CF47FE /* SceneDelegate.swift in Sources */ = {isa = PBXBuildFile; fileRef = 7C9ACD66257CDFA100CF47FE /* SceneDelegate.swift */; };
		7C9ACD69257CDFA100CF47FE /* ViewController.swift in Sources */ = {isa = PBXBuildFile; fileRef = 7C9ACD68257CDFA100CF47FE /* ViewController.swift */; };
		7C9ACD6C257CDFA100CF47FE /* Main.storyboard in Resources */ = {isa = PBXBuildFile; fileRef = 7C9ACD6A257CDFA100CF47FE /* Main.storyboard */; };
		7C9ACD6E257CDFA600CF47FE /* Assets.xcassets in Resources */ = {isa = PBXBuildFile; fileRef = 7C9ACD6D257CDFA600CF47FE /* Assets.xcassets */; };
		7C9ACD71257CDFA600CF47FE /* LaunchScreen.storyboard in Resources */ = {isa = PBXBuildFile; fileRef = 7C9ACD6F257CDFA600CF47FE /* LaunchScreen.storyboard */; };
/* End PBXBuildFile section */

/* Begin PBXFileReference section */
		7C9ACD61257CDFA100CF47FE /* SomaliCardGames.app */ = {isa = PBXFileReference; explicitFileType = wrapper.application; includeInIndex = 0; path = SomaliCardGames.app; sourceTree = BUILT_PRODUCTS_DIR; };
		7C9ACD64257CDFA100CF47FE /* AppDelegate.swift */ = {isa = PBXFileReference; lastKnownFileType = sourcecode.swift; path = AppDelegate.swift; sourceTree = "<group>"; };
		7C9ACD66257CDFA100CF47FE /* SceneDelegate.swift */ = {isa = PBXFileReference; lastKnownFileType = sourcecode.swift; path = SceneDelegate.swift; sourceTree = "<group>"; };
		7C9ACD68257CDFA100CF47FE /* ViewController.swift */ = {isa = PBXFileReference; lastKnownFileType = sourcecode.swift; path = ViewController.swift; sourceTree = "<group>"; };
		7C9ACD6B257CDFA100CF47FE /* Base */ = {isa = PBXFileReference; lastKnownFileType = file.storyboard; name = Base; path = Base.lproj/Main.storyboard; sourceTree = "<group>"; };
		7C9ACD6D257CDFA600CF47FE /* Assets.xcassets */ = {isa = PBXFileReference; lastKnownFileType = folder.assetcatalog; path = Assets.xcassets; sourceTree = "<group>"; };
		7C9ACD70257CDFA600CF47FE /* Base */ = {isa = PBXFileReference; lastKnownFileType = file.storyboard; name = Base; path = Base.lproj/LaunchScreen.storyboard; sourceTree = "<group>"; };
		7C9ACD72257CDFA600CF47FE /* Info.plist */ = {isa = PBXFileReference; lastKnownFileType = text.plist.xml; path = Info.plist; sourceTree = "<group>"; };
/* End PBXFileReference section */

/* Begin PBXFrameworksBuildPhase section */
		7C9ACD5E257CDFA100CF47FE /* Frameworks */ = {
			isa = PBXFrameworksBuildPhase;
			buildActionMask = 2147483647;
			files = (
			);
			runOnlyForDeploymentPostprocessing = 0;
		};
/* End PBXFrameworksBuildPhase section */

/* Begin PBXGroup section */
		7C9ACD58257CDFA100CF47FE = {
			isa = PBXGroup;
			children = (
				7C9ACD63257CDFA100CF47FE /* SomaliCardGames */,
				7C9ACD62257CDFA100CF47FE /* Products */,
			);
			sourceTree = "<group>";
		};
		7C9ACD62257CDFA100CF47FE /* Products */ = {
			isa = PBXGroup;
			children = (
				7C9ACD61257CDFA100CF47FE /* SomaliCardGames.app */,
			);
			name = Products;
			sourceTree = "<group>";
		};
		7C9ACD63257CDFA100CF47FE /* SomaliCardGames */ = {
			isa = PBXGroup;
			children = (
				7C9ACD64257CDFA100CF47FE /* AppDelegate.swift */,
				7C9ACD66257CDFA100CF47FE /* SceneDelegate.swift */,
				7C9ACD68257CDFA100CF47FE /* ViewController.swift */,
				7C9ACD6A257CDFA100CF47FE /* Main.storyboard */,
				7C9ACD6D257CDFA600CF47FE /* Assets.xcassets */,
				7C9ACD6F257CDFA600CF47FE /* LaunchScreen.storyboard */,
				7C9ACD72257CDFA600CF47FE /* Info.plist */,
			);
			path = SomaliCardGames;
			sourceTree = "<group>";
		};
/* End PBXGroup section */

/* Begin PBXNativeTarget section */
		7C9ACD60257CDFA100CF47FE /* SomaliCardGames */ = {
			isa = PBXNativeTarget;
			buildConfigurationList = 7C9ACD75257CDFA600CF47FE /* Build configuration list for PBXNativeTarget "SomaliCardGames" */;
			buildPhases = (
				7C9ACD5D257CDFA100CF47FE /* Sources */,
				7C9ACD5E257CDFA100CF47FE /* Frameworks */,
				7C9ACD5F257CDFA100CF47FE /* Resources */,
			);
			buildRules = (
			);
			dependencies = (
			);
			name = SomaliCardGames;
			productName = SomaliCardGames;
			productReference = 7C9ACD61257CDFA100CF47FE /* SomaliCardGames.app */;
			productType = "com.apple.product-type.application";
		};
/* End PBXNativeTarget section */

/* Begin PBXProject section */
		7C9ACD59257CDFA100CF47FE /* Project object */ = {
			isa = PBXProject;
			attributes = {
				LastSwiftUpdateCheck = 1130;
				LastUpgradeCheck = 1130;
				ORGANIZATIONNAME = sarakhater;
				TargetAttributes = {
					7C9ACD60257CDFA100CF47FE = {
						CreatedOnToolsVersion = 11.3;
					};
				};
			};
			buildConfigurationList = 7C9ACD5C257CDFA100CF47FE /* Build configuration list for PBXProject "SomaliCardGames" */;
			compatibilityVersion = "Xcode 9.3";
			developmentRegion = en;
			hasScannedForEncodings = 0;
			knownRegions = (
				en,
				Base,
			);
			mainGroup = 7C9ACD58257CDFA100CF47FE;
			productRefGroup = 7C9ACD62257CDFA100CF47FE /* Products */;
			projectDirPath = "";
			projectRoot = "";
			targets = (
				7C9ACD60257CDFA100CF47FE /* SomaliCardGames */,
			);
		};
/* End PBXProject section */

/* Begin PBXResourcesBuildPhase section */
		7C9ACD5F257CDFA100CF47FE /* Resources */ = {
			isa = PBXResourcesBuildPhase;
			buildActionMask = 2147483647;
			files = (
				7C9ACD71257CDFA600CF47FE /* LaunchScreen.storyboard in Resources */,
				7C9ACD6E257CDFA600CF47FE /* Assets.xcassets in Resources */,
				7C9ACD6C257CDFA100CF47FE /* Main.storyboard in Resources */,
			);
			runOnlyForDeploymentPostprocessing = 0;
		};
/* End PBXResourcesBuildPhase section */

/* Begin PBXSourcesBuildPhase section */
		7C9ACD5D257CDFA100CF47FE /* Sources */ = {
			isa = PBXSourcesBuildPhase;
			buildActionMask = 2147483647;
			files = (
				7C9ACD69257CDFA100CF47FE /* ViewController.swift in Sources */,
				7C9ACD65257CDFA100CF47FE /* AppDelegate.swift in Sources */,
				7C9ACD67257CDFA100CF47FE /* SceneDelegate.swift in Sources */,
			);
			runOnlyForDeploymentPostprocessing = 0;
		};
/* End PBXSourcesBuildPhase section */

/* Begin PBXVariantGroup section */
		7C9ACD6A257CDFA100CF47FE /* Main.storyboard */ = {
			isa = PBXVariantGroup;
			children = (
				7C9ACD6B257CDFA100CF47FE /* Base */,
			);
			name = Main.storyboard;
			sourceTree = "<group>";
		};
		7C9ACD6F257CDFA600CF47FE /* LaunchScreen.storyboard */ = {
			isa = PBXVariantGroup;
			children = (
				7C9ACD70257CDFA600CF47FE /* Base */,
			);
			name = LaunchScreen.storyboard;
			sourceTree = "<group>";
		};
/* End PBXVariantGroup section */

/* Begin XCBuildConfiguration section */
		7C9ACD73257CDFA600CF47FE /* Debug */ = {
			isa = XCBuildConfiguration;
			buildSettings = {
				ALWAYS_SEARCH_USER_PATHS = NO;
				CLANG_ANALYZER_NONNULL = YES;
				CLANG_ANALYZER_NUMBER_OBJECT_CONVERSION = YES_AGGRESSIVE;
				CLANG_CXX_LANGUAGE_STANDARD = "gnu++14";
				CLANG_CXX_LIBRARY = "libc++";
				CLANG_ENABLE_MODULES = YES;
				CLANG_ENABLE_OBJC_ARC = YES;
				CLANG_ENABLE_OBJC_WEAK = YES;
				CLANG_WARN_BLOCK_CAPTURE_AUTORELEASING = YES;
				CLANG_WARN_BOOL_CONVERSION = YES;
				CLANG_WARN_COMMA = YES;
				CLANG_WARN_CONSTANT_CONVERSION = YES;
				CLANG_WARN_DEPRECATED_OBJC_IMPLEMENTATIONS = YES;
				CLANG_WARN_DIRECT_OBJC_ISA_USAGE = YES_ERROR;
				CLANG_WARN_DOCUMENTATION_COMMENTS = YES;
				CLANG_WARN_EMPTY_BODY = YES;
				CLANG_WARN_ENUM_CONVERSION = YES;
				CLANG_WARN_INFINITE_RECURSION = YES;
				CLANG_WARN_INT_CONVERSION = YES;
				CLANG_WARN_NON_LITERAL_NULL_CONVERSION = YES;
				CLANG_WARN_OBJC_IMPLICIT_RETAIN_SELF = YES;
				CLANG_WARN_OBJC_LITERAL_CONVERSION = YES;
				CLANG_WARN_OBJC_ROOT_CLASS = YES_ERROR;
				CLANG_WARN_RANGE_LOOP_ANALYSIS = YES;
				CLANG_WARN_STRICT_PROTOTYPES = YES;
				CLANG_WARN_SUSPICIOUS_MOVE = YES;
				CLANG_WARN_UNGUARDED_AVAILABILITY = YES_AGGRESSIVE;
				CLANG_WARN_UNREACHABLE_CODE = YES;
				CLANG_WARN__DUPLICATE_METHOD_MATCH = YES;
				COPY_PHASE_STRIP = NO;
				DEBUG_INFORMATION_FORMAT = dwarf;
				ENABLE_STRICT_OBJC_MSGSEND = YES;
				ENABLE_TESTABILITY = YES;
				GCC_C_LANGUAGE_STANDARD = gnu11;
				GCC_DYNAMIC_NO_PIC = NO;
				GCC_NO_COMMON_BLOCKS = YES;
				GCC_OPTIMIZATION_LEVEL = 0;
				GCC_PREPROCESSOR_DEFINITIONS = (
					"DEBUG=1",
					"$(inherited)",
				);
				GCC_WARN_64_TO_32_BIT_CONVERSION = YES;
				GCC_WARN_ABOUT_RETURN_TYPE = YES_ERROR;
				GCC_WARN_UNDECLARED_SELECTOR = YES;
				GCC_WARN_UNINITIALIZED_AUTOS = YES_AGGRESSIVE;
				GCC_WARN_UNUSED_FUNCTION = YES;
				GCC_WARN_UNUSED_VARIABLE = YES;
				IPHONEOS_DEPLOYMENT_TARGET = 13.2;
				MTL_ENABLE_DEBUG_INFO = INCLUDE_SOURCE;
				MTL_FAST_MATH = YES;
				ONLY_ACTIVE_ARCH = YES;
				SDKROOT = iphoneos;
				SWIFT_ACTIVE_COMPILATION_CONDITIONS = DEBUG;
				SWIFT_OPTIMIZATION_LEVEL = "-Onone";
			};
			name = Debug;
		};
		7C9ACD74257CDFA600CF47FE /* Release */ = {
			isa = XCBuildConfiguration;
			buildSettings = {
				ALWAYS_SEARCH_USER_PATHS = NO;
				CLANG_ANALYZER_NONNULL = YES;
				CLANG_ANALYZER_NUMBER_OBJECT_CONVERSION = YES_AGGRESSIVE;
				CLANG_CXX_LANGUAGE_STANDARD = "gnu++14";
				CLANG_CXX_LIBRARY = "libc++";
				CLANG_ENABLE_MODULES = YES;
				CLANG_ENABLE_OBJC_ARC = YES;
				CLANG_ENABLE_OBJC_WEAK = YES;
				CLANG_WARN_BLOCK_CAPTURE_AUTORELEASING = YES;
				CLANG_WARN_BOOL_CONVERSION = YES;
				CLANG_WARN_COMMA = YES;
				CLANG_WARN_CONSTANT_CONVERSION = YES;
				CLANG_WARN_DEPRECATED_OBJC_IMPLEMENTATIONS = YES;
				CLANG_WARN_DIRECT_OBJC_ISA_USAGE = YES_ERROR;
				CLANG_WARN_DOCUMENTATION_COMMENTS = YES;
				CLANG_WARN_EMPTY_BODY = YES;
				CLANG_WARN_ENUM_CONVERSION = YES;
				CLANG_WARN_INFINITE_RECURSION = YES;
				CLANG_WARN_INT_CONVERSION = YES;
				CLANG_WARN_NON_LITERAL_NULL_CONVERSION = YES;
				CLANG_WARN_OBJC_IMPLICIT_RETAIN_SELF = YES;
				CLANG_WARN_OBJC_LITERAL_CONVERSION = YES;
				CLANG_WARN_OBJC_ROOT_CLASS = YES_ERROR;
				CLANG_WARN_RANGE_LOOP_ANALYSIS = YES;
				CLANG_WARN_STRICT_PROTOTYPES = YES;
				CLANG_WARN_SUSPICIOUS_MOVE = YES;
				CLANG_WARN_UNGUARDED_AVAILABILITY = YES_AGGRESSIVE;
				CLANG_WARN_UNREACHABLE_CODE = YES;
				CLANG_WARN__DUPLICATE_METHOD_MATCH = YES;
				COPY_PHASE_STRIP = NO;
				DEBUG_INFORMATION_FORMAT = "dwarf-with-dsym";
				ENABLE_NS_ASSERTIONS = NO;
				ENABLE_STRICT_OBJC_MSGSEND = YES;
				GCC_C_LANGUAGE_STANDARD = gnu11;
				GCC_NO_COMMON_BLOCKS = YES;
				GCC_WARN_64_TO_32_BIT_CONVERSION = YES;
				GCC_WARN_ABOUT_RETURN_TYPE = YES_ERROR;
				GCC_WARN_UNDECLARED_SELECTOR = YES;
				GCC_WARN_UNINITIALIZED_AUTOS = YES_AGGRESSIVE;
				GCC_WARN_UNUSED_FUNCTION = YES;
				GCC_WARN_UNUSED_VARIABLE = YES;
				IPHONEOS_DEPLOYMENT_TARGET = 13.2;
				MTL_ENABLE_DEBUG_INFO = NO;
				MTL_FAST_MATH = YES;
				SDKROOT = iphoneos;
				SWIFT_COMPILATION_MODE = wholemodule;
				SWIFT_OPTIMIZATION_LEVEL = "-O";
				VALIDATE_PRODUCT = YES;
			};
			name = Release;
		};
		7C9ACD76257CDFA600CF47FE /* Debug */ = {
			isa = XCBuildConfiguration;
			buildSettings = {
				ASSETCATALOG_COMPILER_APPICON_NAME = AppIcon;
				CODE_SIGN_STYLE = Automatic;
				INFOPLIST_FILE = SomaliCardGames/Info.plist;
				LD_RUNPATH_SEARCH_PATHS = (
					"$(inherited)",
					"@executable_path/Frameworks",
				);
				PRODUCT_BUNDLE_IDENTIFIER = com.somali.SomaliCardGames;
				PRODUCT_NAME = "$(TARGET_NAME)";
				SWIFT_VERSION = 5.0;
				TARGETED_DEVICE_FAMILY = "1,2";
			};
			name = Debug;
		};
		7C9ACD77257CDFA600CF47FE /* Release */ = {
			isa = XCBuildConfiguration;
			buildSettings = {
				ASSETCATALOG_COMPILER_APPICON_NAME = AppIcon;
				CODE_SIGN_STYLE = Automatic;
				INFOPLIST_FILE = SomaliCardGames/Info.plist;
				LD_RUNPATH_SEARCH_PATHS = (
					"$(inherited)",
					"@executable_path/Frameworks",
				);
				PRODUCT_BUNDLE_IDENTIFIER = com.somali.SomaliCardGames;
				PRODUCT_NAME = "$(TARGET_NAME)";
				SWIFT_VERSION = 5.0;
				TARGETED_DEVICE_FAMILY = "1,2";
			};
			name = Release;
		};
/* End XCBuildConfiguration section */

/* Begin XCConfigurationList section */
		7C9ACD5C257CDFA100CF47FE /* Build configuration list for PBXProject "SomaliCardGames" */ = {
			isa = XCConfigurationList;
			buildConfigurations = (
				7C9ACD73257CDFA600CF47FE /* Debug */,
				7C9ACD74257CDFA600CF47FE /* Release */,
			);
			defaultConfigurationIsVisible = 0;
			defaultConfigurationName = Release;
		};
		7C9ACD75257CDFA600CF47FE /* Build configuration list for PBXNativeTarget "SomaliCardGames" */ = {
			isa = XCConfigurationList;
			buildConfigurations = (
				7C9ACD76257CDFA600CF47FE /* Debug */,
				7C9ACD77257CDFA600CF47FE /* Release */,
			);
			defaultConfigurationIsVisible = 0;
			defaultConfigurationName = Release;
		};
/* End XCConfigurationList section */
	};
	rootObject = 7C9ACD59257CDFA100CF47FE /* Project object */;
}
